// !$*UTF8*$!
{
	archiveVersion = 1;
	classes = {
	};
	objectVersion = 46;
	objects = {

/* Begin PBXBuildFile section */
		8FDC064C1C5243CD006B899A /* main.m in Sources */ = {isa = PBXBuildFile; fileRef = 8FDC064B1C5243CC006B899A /* main.m */; };
		8FDC064F1C5243CD006B899A /* AppDelegate.m in Sources */ = {isa = PBXBuildFile; fileRef = 8FDC064E1C5243CD006B899A /* AppDelegate.m */; };
		8FDC06521C5243CD006B899A /* YHHouseDesign.xcdatamodeld in Sources */ = {isa = PBXBuildFile; fileRef = 8FDC06501C5243CD006B899A /* YHHouseDesign.xcdatamodeld */; };
		8FDC06551C5243CD006B899A /* ViewController.m in Sources */ = {isa = PBXBuildFile; fileRef = 8FDC06541C5243CD006B899A /* ViewController.m */; };
		8FDC06581C5243CD006B899A /* Main.storyboard in Resources */ = {isa = PBXBuildFile; fileRef = 8FDC06561C5243CD006B899A /* Main.storyboard */; };
		8FDC065A1C5243CD006B899A /* Images.xcassets in Resources */ = {isa = PBXBuildFile; fileRef = 8FDC06591C5243CD006B899A /* Images.xcassets */; };
		8FDC065D1C5243CD006B899A /* LaunchScreen.xib in Resources */ = {isa = PBXBuildFile; fileRef = 8FDC065B1C5243CD006B899A /* LaunchScreen.xib */; };
		8FDC06691C5243CD006B899A /* YHHouseDesignTests.m in Sources */ = {isa = PBXBuildFile; fileRef = 8FDC06681C5243CD006B899A /* YHHouseDesignTests.m */; };
/* End PBXBuildFile section */

/* Begin PBXContainerItemProxy section */
		8FDC06631C5243CD006B899A /* PBXContainerItemProxy */ = {
			isa = PBXContainerItemProxy;
			containerPortal = 8FDC063E1C5243CC006B899A /* Project object */;
			proxyType = 1;
			remoteGlobalIDString = 8FDC06451C5243CC006B899A;
			remoteInfo = YHHouseDesign;
		};
/* End PBXContainerItemProxy section */

/* Begin PBXFileReference section */
		8FDC06461C5243CC006B899A /* YHHouseDesign.app */ = {isa = PBXFileReference; explicitFileType = wrapper.application; includeInIndex = 0; path = YHHouseDesign.app; sourceTree = BUILT_PRODUCTS_DIR; };
		8FDC064A1C5243CC006B899A /* Info.plist */ = {isa = PBXFileReference; lastKnownFileType = text.plist.xml; path = Info.plist; sourceTree = "<group>"; };
		8FDC064B1C5243CC006B899A /* main.m */ = {isa = PBXFileReference; lastKnownFileType = sourcecode.c.objc; path = main.m; sourceTree = "<group>"; };
		8FDC064D1C5243CD006B899A /* AppDelegate.h */ = {isa = PBXFileReference; lastKnownFileType = sourcecode.c.h; path = AppDelegate.h; sourceTree = "<group>"; };
		8FDC064E1C5243CD006B899A /* AppDelegate.m */ = {isa = PBXFileReference; lastKnownFileType = sourcecode.c.objc; path = AppDelegate.m; sourceTree = "<group>"; };
		8FDC06511C5243CD006B899A /* YHHouseDesign.xcdatamodel */ = {isa = PBXFileReference; lastKnownFileType = wrapper.xcdatamodel; path = YHHouseDesign.xcdatamodel; sourceTree = "<group>"; };
		8FDC06531C5243CD006B899A /* ViewController.h */ = {isa = PBXFileReference; lastKnownFileType = sourcecode.c.h; path = ViewController.h; sourceTree = "<group>"; };
		8FDC06541C5243CD006B899A /* ViewController.m */ = {isa = PBXFileReference; lastKnownFileType = sourcecode.c.objc; path = ViewController.m; sourceTree = "<group>"; };
		8FDC06571C5243CD006B899A /* Base */ = {isa = PBXFileReference; lastKnownFileType = file.storyboard; name = Base; path = Base.lproj/Main.storyboard; sourceTree = "<group>"; };
		8FDC06591C5243CD006B899A /* Images.xcassets */ = {isa = PBXFileReference; lastKnownFileType = folder.assetcatalog; path = Images.xcassets; sourceTree = "<group>"; };
		8FDC065C1C5243CD006B899A /* Base */ = {isa = PBXFileReference; lastKnownFileType = file.xib; name = Base; path = Base.lproj/LaunchScreen.xib; sourceTree = "<group>"; };
		8FDC06621C5243CD006B899A /* YHHouseDesignTests.xctest */ = {isa = PBXFileReference; explicitFileType = wrapper.cfbundle; includeInIndex = 0; path = YHHouseDesignTests.xctest; sourceTree = BUILT_PRODUCTS_DIR; };
		8FDC06671C5243CD006B899A /* Info.plist */ = {isa = PBXFileReference; lastKnownFileType = text.plist.xml; path = Info.plist; sourceTree = "<group>"; };
		8FDC06681C5243CD006B899A /* YHHouseDesignTests.m */ = {isa = PBXFileReference; lastKnownFileType = sourcecode.c.objc; path = YHHouseDesignTests.m; sourceTree = "<group>"; };
/* End PBXFileReference section */

/* Begin PBXFrameworksBuildPhase section */
		8FDC06431C5243CC006B899A /* Frameworks */ = {
			isa = PBXFrameworksBuildPhase;
			buildActionMask = 2147483647;
			files = (
			);
			runOnlyForDeploymentPostprocessing = 0;
		};
		8FDC065F1C5243CD006B899A /* Frameworks */ = {
			isa = PBXFrameworksBuildPhase;
			buildActionMask = 2147483647;
			files = (
			);
			runOnlyForDeploymentPostprocessing = 0;
		};
/* End PBXFrameworksBuildPhase section */

/* Begin PBXGroup section */
		8FDC063D1C5243CC006B899A = {
			isa = PBXGroup;
			children = (
				8FDC06481C5243CC006B899A /* YHHouseDesign */,
				8FDC06651C5243CD006B899A /* YHHouseDesignTests */,
				8FDC06471C5243CC006B899A /* Products */,
			);
			sourceTree = "<group>";
		};
		8FDC06471C5243CC006B899A /* Products */ = {
			isa = PBXGroup;
			children = (
				8FDC06461C5243CC006B899A /* YHHouseDesign.app */,
				8FDC06621C5243CD006B899A /* YHHouseDesignTests.xctest */,
			);
			name = Products;
			sourceTree = "<group>";
		};
		8FDC06481C5243CC006B899A /* YHHouseDesign */ = {
			isa = PBXGroup;
			children = (
				8FDC064D1C5243CD006B899A /* AppDelegate.h */,
				8FDC064E1C5243CD006B899A /* AppDelegate.m */,
				8FDC06531C5243CD006B899A /* ViewController.h */,
				8FDC06541C5243CD006B899A /* ViewController.m */,
				8FDC06561C5243CD006B899A /* Main.storyboard */,
				8FDC06591C5243CD006B899A /* Images.xcassets */,
				8FDC065B1C5243CD006B899A /* LaunchScreen.xib */,
				8FDC06501C5243CD006B899A /* YHHouseDesign.xcdatamodeld */,
				8FDC06491C5243CC006B899A /* Supporting Files */,
			);
			path = YHHouseDesign;
			sourceTree = "<group>";
		};
		8FDC06491C5243CC006B899A /* Supporting Files */ = {
			isa = PBXGroup;
			children = (
				8FDC064A1C5243CC006B899A /* Info.plist */,
				8FDC064B1C5243CC006B899A /* main.m */,
			);
			name = "Supporting Files";
			sourceTree = "<group>";
		};
		8FDC06651C5243CD006B899A /* YHHouseDesignTests */ = {
			isa = PBXGroup;
			children = (
				8FDC06681C5243CD006B899A /* YHHouseDesignTests.m */,
				8FDC06661C5243CD006B899A /* Supporting Files */,
			);
			path = YHHouseDesignTests;
			sourceTree = "<group>";
		};
		8FDC06661C5243CD006B899A /* Supporting Files */ = {
			isa = PBXGroup;
			children = (
				8FDC06671C5243CD006B899A /* Info.plist */,
			);
			name = "Supporting Files";
			sourceTree = "<group>";
		};
/* End PBXGroup section */

/* Begin PBXNativeTarget section */
		8FDC06451C5243CC006B899A /* YHHouseDesign */ = {
			isa = PBXNativeTarget;
			buildConfigurationList = 8FDC066C1C5243CD006B899A /* Build configuration list for PBXNativeTarget "YHHouseDesign" */;
			buildPhases = (
				8FDC06421C5243CC006B899A /* Sources */,
				8FDC06431C5243CC006B899A /* Frameworks */,
				8FDC06441C5243CC006B899A /* Resources */,
			);
			buildRules = (
			);
			dependencies = (
			);
			name = YHHouseDesign;
			productName = YHHouseDesign;
			productReference = 8FDC06461C5243CC006B899A /* YHHouseDesign.app */;
			productType = "com.apple.product-type.application";
		};
		8FDC06611C5243CD006B899A /* YHHouseDesignTests */ = {
			isa = PBXNativeTarget;
			buildConfigurationList = 8FDC066F1C5243CD006B899A /* Build configuration list for PBXNativeTarget "YHHouseDesignTests" */;
			buildPhases = (
				8FDC065E1C5243CD006B899A /* Sources */,
				8FDC065F1C5243CD006B899A /* Frameworks */,
				8FDC06601C5243CD006B899A /* Resources */,
			);
			buildRules = (
			);
			dependencies = (
				8FDC06641C5243CD006B899A /* PBXTargetDependency */,
			);
			name = YHHouseDesignTests;
			productName = YHHouseDesignTests;
			productReference = 8FDC06621C5243CD006B899A /* YHHouseDesignTests.xctest */;
			productType = "com.apple.product-type.bundle.unit-test";
		};
/* End PBXNativeTarget section */

/* Begin PBXProject section */
		8FDC063E1C5243CC006B899A /* Project object */ = {
			isa = PBXProject;
			attributes = {
				LastUpgradeCheck = 0640;
				ORGANIZATIONNAME = YH;
				TargetAttributes = {
					8FDC06451C5243CC006B899A = {
						CreatedOnToolsVersion = 6.4;
					};
					8FDC06611C5243CD006B899A = {
						CreatedOnToolsVersion = 6.4;
						TestTargetID = 8FDC06451C5243CC006B899A;
					};
				};
			};
			buildConfigurationList = 8FDC06411C5243CC006B899A /* Build configuration list for PBXProject "YHHouseDesign" */;
			compatibilityVersion = "Xcode 3.2";
			developmentRegion = English;
			hasScannedForEncodings = 0;
			knownRegions = (
				en,
				Base,
			);
			mainGroup = 8FDC063D1C5243CC006B899A;
			productRefGroup = 8FDC06471C5243CC006B899A /* Products */;
			projectDirPath = "";
			projectRoot = "";
			targets = (
				8FDC06451C5243CC006B899A /* YHHouseDesign */,
				8FDC06611C5243CD006B899A /* YHHouseDesignTests */,
			);
		};
/* End PBXProject section */

/* Begin PBXResourcesBuildPhase section */
		8FDC06441C5243CC006B899A /* Resources */ = {
			isa = PBXResourcesBuildPhase;
			buildActionMask = 2147483647;
			files = (
				8FDC06581C5243CD006B899A /* Main.storyboard in Resources */,
				8FDC065D1C5243CD006B899A /* LaunchScreen.xib in Resources */,
				8FDC065A1C5243CD006B899A /* Images.xcassets in Resources */,
			);
			runOnlyForDeploymentPostprocessing = 0;
		};
		8FDC06601C5243CD006B899A /* Resources */ = {
			isa = PBXResourcesBuildPhase;
			buildActionMask = 2147483647;
			files = (
			);
			runOnlyForDeploymentPostprocessing = 0;
		};
/* End PBXResourcesBuildPhase section */

/* Begin PBXSourcesBuildPhase section */
		8FDC06421C5243CC006B899A /* Sources */ = {
			isa = PBXSourcesBuildPhase;
			buildActionMask = 2147483647;
			files = (
				8FDC064F1C5243CD006B899A /* AppDelegate.m in Sources */,
				8FDC06521C5243CD006B899A /* YHHouseDesign.xcdatamodeld in Sources */,
				8FDC06551C5243CD006B899A /* ViewController.m in Sources */,
				8FDC064C1C5243CD006B899A /* main.m in Sources */,
			);
			runOnlyForDeploymentPostprocessing = 0;
		};
		8FDC065E1C5243CD006B899A /* Sources */ = {
			isa = PBXSourcesBuildPhase;
			buildActionMask = 2147483647;
			files = (
				8FDC06691C5243CD006B899A /* YHHouseDesignTests.m in Sources */,
			);
			runOnlyForDeploymentPostprocessing = 0;
		};
/* End PBXSourcesBuildPhase section */

/* Begin PBXTargetDependency section */
		8FDC06641C5243CD006B899A /* PBXTargetDependency */ = {
			isa = PBXTargetDependency;
			target = 8FDC06451C5243CC006B899A /* YHHouseDesign */;
			targetProxy = 8FDC06631C5243CD006B899A /* PBXContainerItemProxy */;
		};
/* End PBXTargetDependency section */

/* Begin PBXVariantGroup section */
		8FDC06561C5243CD006B899A /* Main.storyboard */ = {
			isa = PBXVariantGroup;
			children = (
				8FDC06571C5243CD006B899A /* Base */,
			);
			name = Main.storyboard;
			sourceTree = "<group>";
		};
		8FDC065B1C5243CD006B899A /* LaunchScreen.xib */ = {
			isa = PBXVariantGroup;
			children = (
				8FDC065C1C5243CD006B899A /* Base */,
			);
			name = LaunchScreen.xib;
			sourceTree = "<group>";
		};
/* End PBXVariantGroup section */

/* Begin XCBuildConfiguration section */
		8FDC066A1C5243CD006B899A /* Debug */ = {
			isa = XCBuildConfiguration;
			buildSettings = {
				ALWAYS_SEARCH_USER_PATHS = NO;
				CLANG_CXX_LANGUAGE_STANDARD = "gnu++0x";
				CLANG_CXX_LIBRARY = "libc++";
				CLANG_ENABLE_MODULES = YES;
				CLANG_ENABLE_OBJC_ARC = YES;
				CLANG_WARN_BOOL_CONVERSION = YES;
				CLANG_WARN_CONSTANT_CONVERSION = YES;
				CLANG_WARN_DIRECT_OBJC_ISA_USAGE = YES_ERROR;
				CLANG_WARN_EMPTY_BODY = YES;
				CLANG_WARN_ENUM_CONVERSION = YES;
				CLANG_WARN_INT_CONVERSION = YES;
				CLANG_WARN_OBJC_ROOT_CLASS = YES_ERROR;
				CLANG_WARN_UNREACHABLE_CODE = YES;
				CLANG_WARN__DUPLICATE_METHOD_MATCH = YES;
				"CODE_SIGN_IDENTITY[sdk=iphoneos*]" = "iPhone Developer";
				COPY_PHASE_STRIP = NO;
				DEBUG_INFORMATION_FORMAT = "dwarf-with-dsym";
				ENABLE_STRICT_OBJC_MSGSEND = YES;
				GCC_C_LANGUAGE_STANDARD = gnu99;
				GCC_DYNAMIC_NO_PIC = NO;
				GCC_NO_COMMON_BLOCKS = YES;
				GCC_OPTIMIZATION_LEVEL = 0;
				GCC_PREPROCESSOR_DEFINITIONS = (
					"DEBUG=1",
					"$(inherited)",
				);
				GCC_SYMBOLS_PRIVATE_EXTERN = NO;
				GCC_WARN_64_TO_32_BIT_CONVERSION = YES;
				GCC_WARN_ABOUT_RETURN_TYPE = YES_ERROR;
				GCC_WARN_UNDECLARED_SELECTOR = YES;
				GCC_WARN_UNINITIALIZED_AUTOS = YES_AGGRESSIVE;
				GCC_WARN_UNUSED_FUNCTION = YES;
				GCC_WARN_UNUSED_VARIABLE = YES;
				IPHONEOS_DEPLOYMENT_TARGET = 8.4;
				MTL_ENABLE_DEBUG_INFO = YES;
				ONLY_ACTIVE_ARCH = YES;
				SDKROOT = iphoneos;
			};
			name = Debug;
		};
		8FDC066B1C5243CD006B899A /* Release */ = {
			isa = XCBuildConfiguration;
			buildSettings = {
				ALWAYS_SEARCH_USER_PATHS = NO;
				CLANG_CXX_LANGUAGE_STANDARD = "gnu++0x";
				CLANG_CXX_LIBRARY = "libc++";
				CLANG_ENABLE_MODULES = YES;
				CLANG_ENABLE_OBJC_ARC = YES;
				CLANG_WARN_BOOL_CONVERSION = YES;
				CLANG_WARN_CONSTANT_CONVERSION = YES;
				CLANG_WARN_DIRECT_OBJC_ISA_USAGE = YES_ERROR;
				CLANG_WARN_EMPTY_BODY = YES;
				CLANG_WARN_ENUM_CONVERSION = YES;
				CLANG_WARN_INT_CONVERSION = YES;
				CLANG_WARN_OBJC_ROOT_CLASS = YES_ERROR;
				CLANG_WARN_UNREACHABLE_CODE = YES;
				CLANG_WARN__DUPLICATE_METHOD_MATCH = YES;
				"CODE_SIGN_IDENTITY[sdk=iphoneos*]" = "iPhone Developer";
				COPY_PHASE_STRIP = NO;
				DEBUG_INFORMATION_FORMAT = "dwarf-with-dsym";
				ENABLE_NS_ASSERTIONS = NO;
				ENABLE_STRICT_OBJC_MSGSEND = YES;
				GCC_C_LANGUAGE_STANDARD = gnu99;
				GCC_NO_COMMON_BLOCKS = YES;
				GCC_WARN_64_TO_32_BIT_CONVERSION = YES;
				GCC_WARN_ABOUT_RETURN_TYPE = YES_ERROR;
				GCC_WARN_UNDECLARED_SELECTOR = YES;
				GCC_WARN_UNINITIALIZED_AUTOS = YES_AGGRESSIVE;
				GCC_WARN_UNUSED_FUNCTION = YES;
				GCC_WARN_UNUSED_VARIABLE = YES;
				IPHONEOS_DEPLOYMENT_TARGET = 8.4;
				MTL_ENABLE_DEBUG_INFO = NO;
				SDKROOT = iphoneos;
				VALIDATE_PRODUCT = YES;
			};
			name = Release;
		};
		8FDC066D1C5243CD006B899A /* Debug */ = {
			isa = XCBuildConfiguration;
			buildSettings = {
				ASSETCATALOG_COMPILER_APPICON_NAME = AppIcon;
				INFOPLIST_FILE = YHHouseDesign/Info.plist;
				LD_RUNPATH_SEARCH_PATHS = "$(inherited) @executable_path/Frameworks";
				PRODUCT_NAME = "$(TARGET_NAME)";
			};
			name = Debug;
		};
		8FDC066E1C5243CD006B899A /* Release */ = {
			isa = XCBuildConfiguration;
			buildSettings = {
				ASSETCATALOG_COMPILER_APPICON_NAME = AppIcon;
				INFOPLIST_FILE = YHHouseDesign/Info.plist;
				LD_RUNPATH_SEARCH_PATHS = "$(inherited) @executable_path/Frameworks";
				PRODUCT_NAME = "$(TARGET_NAME)";
			};
			name = Release;
		};
		8FDC06701C5243CD006B899A /* Debug */ = {
			isa = XCBuildConfiguration;
			buildSettings = {
				BUNDLE_LOADER = "$(TEST_HOST)";
				FRAMEWORK_SEARCH_PATHS = (
					"$(SDKROOT)/Developer/Library/Frameworks",
					"$(inherited)",
				);
				GCC_PREPROCESSOR_DEFINITIONS = (
					"DEBUG=1",
					"$(inherited)",
				);
				INFOPLIST_FILE = YHHouseDesignTests/Info.plist;
				LD_RUNPATH_SEARCH_PATHS = "$(inherited) @executable_path/Frameworks @loader_path/Frameworks";
				PRODUCT_NAME = "$(TARGET_NAME)";
				TEST_HOST = "$(BUILT_PRODUCTS_DIR)/YHHouseDesign.app/YHHouseDesign";
			};
			name = Debug;
		};
		8FDC06711C5243CD006B899A /* Release */ = {
			isa = XCBuildConfiguration;
			buildSettings = {
				BUNDLE_LOADER = "$(TEST_HOST)";
				FRAMEWORK_SEARCH_PATHS = (
					"$(SDKROOT)/Developer/Library/Frameworks",
					"$(inherited)",
				);
				INFOPLIST_FILE = YHHouseDesignTests/Info.plist;
				LD_RUNPATH_SEARCH_PATHS = "$(inherited) @executable_path/Frameworks @loader_path/Frameworks";
				PRODUCT_NAME = "$(TARGET_NAME)";
				TEST_HOST = "$(BUILT_PRODUCTS_DIR)/YHHouseDesign.app/YHHouseDesign";
			};
			name = Release;
		};
/* End XCBuildConfiguration section */

/* Begin XCConfigurationList section */
		8FDC06411C5243CC006B899A /* Build configuration list for PBXProject "YHHouseDesign" */ = {
			isa = XCConfigurationList;
			buildConfigurations = (
				8FDC066A1C5243CD006B899A /* Debug */,
				8FDC066B1C5243CD006B899A /* Release */,
			);
			defaultConfigurationIsVisible = 0;
			defaultConfigurationName = Release;
		};
		8FDC066C1C5243CD006B899A /* Build configuration list for PBXNativeTarget "YHHouseDesign" */ = {
			isa = XCConfigurationList;
			buildConfigurations = (
				8FDC066D1C5243CD006B899A /* Debug */,
				8FDC066E1C5243CD006B899A /* Release */,
			);
			defaultConfigurationIsVisible = 0;
		};
		8FDC066F1C5243CD006B899A /* Build configuration list for PBXNativeTarget "YHHouseDesignTests" */ = {
			isa = XCConfigurationList;
			buildConfigurations = (
				8FDC06701C5243CD006B899A /* Debug */,
				8FDC06711C5243CD006B899A /* Release */,
			);
			defaultConfigurationIsVisible = 0;
		};
/* End XCConfigurationList section */

/* Begin XCVersionGroup section */
		8FDC06501C5243CD006B899A /* YHHouseDesign.xcdatamodeld */ = {
			isa = XCVersionGroup;
			children = (
				8FDC06511C5243CD006B899A /* YHHouseDesign.xcdatamodel */,
			);
			currentVersion = 8FDC06511C5243CD006B899A /* YHHouseDesign.xcdatamodel */;
			path = YHHouseDesign.xcdatamodeld;
			sourceTree = "<group>";
			versionGroupType = wrapper.xcdatamodel;
		};
/* End XCVersionGroup section */
	};
	rootObject = 8FDC063E1C5243CC006B899A /* Project object */;
}
